// !$*UTF8*$!
{
	archiveVersion = 1;
	classes = {
	};
	objectVersion = 46;
	objects = {

/* Begin PBXBuildFile section */
		6FC73046BE274B0692785BB5 /* Pods_Localise_Demo.framework in Frameworks */ = {isa = PBXBuildFile; fileRef = EBB89D4B13978F6A823D7DCE /* Pods_Localise_Demo.framework */; };
		BC3FAD081E9CCB5F00E249A1 /* AppDelegate.swift in Sources */ = {isa = PBXBuildFile; fileRef = BC3FAD071E9CCB5F00E249A1 /* AppDelegate.swift */; };
		BC3FAD0A1E9CCB5F00E249A1 /* ViewController.swift in Sources */ = {isa = PBXBuildFile; fileRef = BC3FAD091E9CCB5F00E249A1 /* ViewController.swift */; };
		BC3FAD0D1E9CCB5F00E249A1 /* Main.storyboard in Resources */ = {isa = PBXBuildFile; fileRef = BC3FAD0B1E9CCB5F00E249A1 /* Main.storyboard */; };
		BC3FAD0F1E9CCB5F00E249A1 /* Assets.xcassets in Resources */ = {isa = PBXBuildFile; fileRef = BC3FAD0E1E9CCB5F00E249A1 /* Assets.xcassets */; };
		BC3FAD121E9CCB5F00E249A1 /* LaunchScreen.storyboard in Resources */ = {isa = PBXBuildFile; fileRef = BC3FAD101E9CCB5F00E249A1 /* LaunchScreen.storyboard */; };
		BC3FAD201E9CD27E00E249A1 /* L102Language.swift in Sources */ = {isa = PBXBuildFile; fileRef = BC3FAD1F1E9CD27E00E249A1 /* L102Language.swift */; };
		BC3FAD221E9CD30C00E249A1 /* SecondView.swift in Sources */ = {isa = PBXBuildFile; fileRef = BC3FAD211E9CD30C00E249A1 /* SecondView.swift */; };
		BC3FAD291E9CD7EF00E249A1 /* L012Localizer.swift in Sources */ = {isa = PBXBuildFile; fileRef = BC3FAD281E9CD7EF00E249A1 /* L012Localizer.swift */; };
		BC3FAD2B1E9CE28500E249A1 /* MirroringViewController.swift in Sources */ = {isa = PBXBuildFile; fileRef = BC3FAD2A1E9CE28500E249A1 /* MirroringViewController.swift */; };
		BC3FAD2D1E9CEBD000E249A1 /* MirroringLabel.swift in Sources */ = {isa = PBXBuildFile; fileRef = BC3FAD2C1E9CEBD000E249A1 /* MirroringLabel.swift */; };
		BC3FAD341E9CEFA200E249A1 /* Localizable.strings in Resources */ = {isa = PBXBuildFile; fileRef = BC3FAD361E9CEFA200E249A1 /* Localizable.strings */; };
		BC3FAD3A1E9CF6FB00E249A1 /* MirroringTextField.swift in Sources */ = {isa = PBXBuildFile; fileRef = BC3FAD391E9CF6FB00E249A1 /* MirroringTextField.swift */; };
		BC3FAD3C1E9CF70C00E249A1 /* MirroringTextView.swift in Sources */ = {isa = PBXBuildFile; fileRef = BC3FAD3B1E9CF70C00E249A1 /* MirroringTextView.swift */; };
/* End PBXBuildFile section */

/* Begin PBXFileReference section */
		1D1700863FC93D1A32A7B384 /* Pods-Localise-Demo.release.xcconfig */ = {isa = PBXFileReference; includeInIndex = 1; lastKnownFileType = text.xcconfig; name = "Pods-Localise-Demo.release.xcconfig"; path = "Pods/Target Support Files/Pods-Localise-Demo/Pods-Localise-Demo.release.xcconfig"; sourceTree = "<group>"; };
		82D9741A86FEF3879C4B8EFC /* Pods-Localise-Demo.debug.xcconfig */ = {isa = PBXFileReference; includeInIndex = 1; lastKnownFileType = text.xcconfig; name = "Pods-Localise-Demo.debug.xcconfig"; path = "Pods/Target Support Files/Pods-Localise-Demo/Pods-Localise-Demo.debug.xcconfig"; sourceTree = "<group>"; };
		BC3FAD041E9CCB5F00E249A1 /* Localise-Demo.app */ = {isa = PBXFileReference; explicitFileType = wrapper.application; includeInIndex = 0; path = "Localise-Demo.app"; sourceTree = BUILT_PRODUCTS_DIR; };
		BC3FAD071E9CCB5F00E249A1 /* AppDelegate.swift */ = {isa = PBXFileReference; lastKnownFileType = sourcecode.swift; path = AppDelegate.swift; sourceTree = "<group>"; };
		BC3FAD091E9CCB5F00E249A1 /* ViewController.swift */ = {isa = PBXFileReference; lastKnownFileType = sourcecode.swift; path = ViewController.swift; sourceTree = "<group>"; };
		BC3FAD0C1E9CCB5F00E249A1 /* Base */ = {isa = PBXFileReference; lastKnownFileType = file.storyboard; name = Base; path = Base.lproj/Main.storyboard; sourceTree = "<group>"; };
		BC3FAD0E1E9CCB5F00E249A1 /* Assets.xcassets */ = {isa = PBXFileReference; lastKnownFileType = folder.assetcatalog; path = Assets.xcassets; sourceTree = "<group>"; };
		BC3FAD111E9CCB5F00E249A1 /* Base */ = {isa = PBXFileReference; lastKnownFileType = file.storyboard; name = Base; path = Base.lproj/LaunchScreen.storyboard; sourceTree = "<group>"; };
		BC3FAD131E9CCB5F00E249A1 /* Info.plist */ = {isa = PBXFileReference; lastKnownFileType = text.plist.xml; path = Info.plist; sourceTree = "<group>"; };
		BC3FAD1A1E9CCC8E00E249A1 /* ar */ = {isa = PBXFileReference; lastKnownFileType = text.plist.strings; name = ar; path = ar.lproj/LaunchScreen.strings; sourceTree = "<group>"; };
		BC3FAD1F1E9CD27E00E249A1 /* L102Language.swift */ = {isa = PBXFileReference; fileEncoding = 4; lastKnownFileType = sourcecode.swift; path = L102Language.swift; sourceTree = "<group>"; };
		BC3FAD211E9CD30C00E249A1 /* SecondView.swift */ = {isa = PBXFileReference; fileEncoding = 4; lastKnownFileType = sourcecode.swift; path = SecondView.swift; sourceTree = "<group>"; };
		BC3FAD281E9CD7EF00E249A1 /* L012Localizer.swift */ = {isa = PBXFileReference; fileEncoding = 4; lastKnownFileType = sourcecode.swift; path = L012Localizer.swift; sourceTree = "<group>"; };
		BC3FAD2A1E9CE28500E249A1 /* MirroringViewController.swift */ = {isa = PBXFileReference; fileEncoding = 4; lastKnownFileType = sourcecode.swift; path = MirroringViewController.swift; sourceTree = "<group>"; };
		BC3FAD2C1E9CEBD000E249A1 /* MirroringLabel.swift */ = {isa = PBXFileReference; fileEncoding = 4; lastKnownFileType = sourcecode.swift; path = MirroringLabel.swift; sourceTree = "<group>"; };
		BC3FAD311E9CECCC00E249A1 /* ar */ = {isa = PBXFileReference; lastKnownFileType = text.plist.strings; name = ar; path = ar.lproj/Main.strings; sourceTree = "<group>"; };
		BC3FAD351E9CEFA200E249A1 /* Base */ = {isa = PBXFileReference; lastKnownFileType = text.plist.strings; name = Base; path = Base.lproj/Localizable.strings; sourceTree = "<group>"; };
		BC3FAD371E9CEFA500E249A1 /* ar */ = {isa = PBXFileReference; lastKnownFileType = text.plist.strings; name = ar; path = ar.lproj/Localizable.strings; sourceTree = "<group>"; };
		BC3FAD381E9CEFA600E249A1 /* en */ = {isa = PBXFileReference; lastKnownFileType = text.plist.strings; name = en; path = en.lproj/Localizable.strings; sourceTree = "<group>"; };
		BC3FAD391E9CF6FB00E249A1 /* MirroringTextField.swift */ = {isa = PBXFileReference; fileEncoding = 4; lastKnownFileType = sourcecode.swift; path = MirroringTextField.swift; sourceTree = "<group>"; };
		BC3FAD3B1E9CF70C00E249A1 /* MirroringTextView.swift */ = {isa = PBXFileReference; fileEncoding = 4; lastKnownFileType = sourcecode.swift; path = MirroringTextView.swift; sourceTree = "<group>"; };
		EBB89D4B13978F6A823D7DCE /* Pods_Localise_Demo.framework */ = {isa = PBXFileReference; explicitFileType = wrapper.framework; includeInIndex = 0; path = Pods_Localise_Demo.framework; sourceTree = BUILT_PRODUCTS_DIR; };
/* End PBXFileReference section */

/* Begin PBXFrameworksBuildPhase section */
		BC3FAD011E9CCB5F00E249A1 /* Frameworks */ = {
			isa = PBXFrameworksBuildPhase;
			buildActionMask = 2147483647;
			files = (
				6FC73046BE274B0692785BB5 /* Pods_Localise_Demo.framework in Frameworks */,
			);
			runOnlyForDeploymentPostprocessing = 0;
		};
/* End PBXFrameworksBuildPhase section */

/* Begin PBXGroup section */
		045E25E4D15A60C8CC96E5A7 /* Pods */ = {
			isa = PBXGroup;
			children = (
				82D9741A86FEF3879C4B8EFC /* Pods-Localise-Demo.debug.xcconfig */,
				1D1700863FC93D1A32A7B384 /* Pods-Localise-Demo.release.xcconfig */,
			);
			name = Pods;
			sourceTree = "<group>";
		};
		9500D477B6071EC00B36FCC0 /* Frameworks */ = {
			isa = PBXGroup;
			children = (
				EBB89D4B13978F6A823D7DCE /* Pods_Localise_Demo.framework */,
			);
			name = Frameworks;
			sourceTree = "<group>";
		};
		BC3FACFB1E9CCB5F00E249A1 = {
			isa = PBXGroup;
			children = (
				BC3FAD061E9CCB5F00E249A1 /* Localise-Demo */,
				BC3FAD051E9CCB5F00E249A1 /* Products */,
				045E25E4D15A60C8CC96E5A7 /* Pods */,
				9500D477B6071EC00B36FCC0 /* Frameworks */,
			);
			sourceTree = "<group>";
		};
		BC3FAD051E9CCB5F00E249A1 /* Products */ = {
			isa = PBXGroup;
			children = (
				BC3FAD041E9CCB5F00E249A1 /* Localise-Demo.app */,
			);
			name = Products;
			sourceTree = "<group>";
		};
		BC3FAD061E9CCB5F00E249A1 /* Localise-Demo */ = {
			isa = PBXGroup;
			children = (
				BC3FAD071E9CCB5F00E249A1 /* AppDelegate.swift */,
				BC3FAD091E9CCB5F00E249A1 /* ViewController.swift */,
				BC3FAD211E9CD30C00E249A1 /* SecondView.swift */,
				BC3FAD361E9CEFA200E249A1 /* Localizable.strings */,
				BC3FAD3D1E9CFE2C00E249A1 /* Localise Files */,
				BC3FAD0B1E9CCB5F00E249A1 /* Main.storyboard */,
				BC3FAD0E1E9CCB5F00E249A1 /* Assets.xcassets */,
				BC3FAD101E9CCB5F00E249A1 /* LaunchScreen.storyboard */,
				BC3FAD131E9CCB5F00E249A1 /* Info.plist */,
			);
			path = "Localise-Demo";
			sourceTree = "<group>";
		};
		BC3FAD3D1E9CFE2C00E249A1 /* Localise Files */ = {
			isa = PBXGroup;
			children = (
				BC3FAD2A1E9CE28500E249A1 /* MirroringViewController.swift */,
				BC3FAD2C1E9CEBD000E249A1 /* MirroringLabel.swift */,
				BC3FAD3B1E9CF70C00E249A1 /* MirroringTextView.swift */,
				BC3FAD391E9CF6FB00E249A1 /* MirroringTextField.swift */,
				BC3FAD281E9CD7EF00E249A1 /* L012Localizer.swift */,
				BC3FAD1F1E9CD27E00E249A1 /* L102Language.swift */,
			);
			name = "Localise Files";
			sourceTree = "<group>";
		};
/* End PBXGroup section */

/* Begin PBXNativeTarget section */
		BC3FAD031E9CCB5F00E249A1 /* Localise-Demo */ = {
			isa = PBXNativeTarget;
			buildConfigurationList = BC3FAD161E9CCB5F00E249A1 /* Build configuration list for PBXNativeTarget "Localise-Demo" */;
			buildPhases = (
				FCD232E534A12C34F1E35A67 /* [CP] Check Pods Manifest.lock */,
				BC3FAD001E9CCB5F00E249A1 /* Sources */,
				BC3FAD011E9CCB5F00E249A1 /* Frameworks */,
				BC3FAD021E9CCB5F00E249A1 /* Resources */,
				95AE68B210D464C9DC68CC2D /* [CP] Embed Pods Frameworks */,
				60C18FBDCFF153304AE0F017 /* [CP] Copy Pods Resources */,
			);
			buildRules = (
			);
			dependencies = (
			);
			name = "Localise-Demo";
			productName = "Localise-Demo";
			productReference = BC3FAD041E9CCB5F00E249A1 /* Localise-Demo.app */;
			productType = "com.apple.product-type.application";
		};
/* End PBXNativeTarget section */

/* Begin PBXProject section */
		BC3FACFC1E9CCB5F00E249A1 /* Project object */ = {
			isa = PBXProject;
			attributes = {
				LastSwiftUpdateCheck = 0820;
				LastUpgradeCheck = 0920;
				ORGANIZATIONNAME = "LA Argon";
				TargetAttributes = {
					BC3FAD031E9CCB5F00E249A1 = {
						CreatedOnToolsVersion = 8.2.1;
						DevelopmentTeam = 6B6LB3LBJX;
						LastSwiftMigration = 0920;
						ProvisioningStyle = Automatic;
					};
				};
			};
			buildConfigurationList = BC3FACFF1E9CCB5F00E249A1 /* Build configuration list for PBXProject "Localise-Demo" */;
			compatibilityVersion = "Xcode 3.2";
			developmentRegion = English;
			hasScannedForEncodings = 0;
			knownRegions = (
				en,
				Base,
				ar,
			);
			mainGroup = BC3FACFB1E9CCB5F00E249A1;
			productRefGroup = BC3FAD051E9CCB5F00E249A1 /* Products */;
			projectDirPath = "";
			projectRoot = "";
			targets = (
				BC3FAD031E9CCB5F00E249A1 /* Localise-Demo */,
			);
		};
/* End PBXProject section */

/* Begin PBXResourcesBuildPhase section */
		BC3FAD021E9CCB5F00E249A1 /* Resources */ = {
			isa = PBXResourcesBuildPhase;
			buildActionMask = 2147483647;
			files = (
				BC3FAD341E9CEFA200E249A1 /* Localizable.strings in Resources */,
				BC3FAD121E9CCB5F00E249A1 /* LaunchScreen.storyboard in Resources */,
				BC3FAD0F1E9CCB5F00E249A1 /* Assets.xcassets in Resources */,
				BC3FAD0D1E9CCB5F00E249A1 /* Main.storyboard in Resources */,
			);
			runOnlyForDeploymentPostprocessing = 0;
		};
/* End PBXResourcesBuildPhase section */

/* Begin PBXShellScriptBuildPhase section */
		60C18FBDCFF153304AE0F017 /* [CP] Copy Pods Resources */ = {
			isa = PBXShellScriptBuildPhase;
			buildActionMask = 2147483647;
			files = (
			);
			inputPaths = (
			);
			name = "[CP] Copy Pods Resources";
			outputPaths = (
			);
			runOnlyForDeploymentPostprocessing = 0;
			shellPath = /bin/sh;
			shellScript = "\"${SRCROOT}/Pods/Target Support Files/Pods-Localise-Demo/Pods-Localise-Demo-resources.sh\"\n";
			showEnvVarsInLog = 0;
		};
		95AE68B210D464C9DC68CC2D /* [CP] Embed Pods Frameworks */ = {
			isa = PBXShellScriptBuildPhase;
			buildActionMask = 2147483647;
			files = (
			);
			inputPaths = (
				"${SRCROOT}/Pods/Target Support Files/Pods-Localise-Demo/Pods-Localise-Demo-frameworks.sh",
				"${BUILT_PRODUCTS_DIR}/IQKeyboardManagerSwift/IQKeyboardManagerSwift.framework",
			);
			name = "[CP] Embed Pods Frameworks";
			outputPaths = (
				"${TARGET_BUILD_DIR}/${FRAMEWORKS_FOLDER_PATH}/IQKeyboardManagerSwift.framework",
			);
			runOnlyForDeploymentPostprocessing = 0;
			shellPath = /bin/sh;
			shellScript = "\"${SRCROOT}/Pods/Target Support Files/Pods-Localise-Demo/Pods-Localise-Demo-frameworks.sh\"\n";
			showEnvVarsInLog = 0;
		};
		FCD232E534A12C34F1E35A67 /* [CP] Check Pods Manifest.lock */ = {
			isa = PBXShellScriptBuildPhase;
			buildActionMask = 2147483647;
			files = (
			);
			inputPaths = (
				"${PODS_PODFILE_DIR_PATH}/Podfile.lock",
				"${PODS_ROOT}/Manifest.lock",
			);
			name = "[CP] Check Pods Manifest.lock";
			outputPaths = (
				"$(DERIVED_FILE_DIR)/Pods-Localise-Demo-checkManifestLockResult.txt",
			);
			runOnlyForDeploymentPostprocessing = 0;
			shellPath = /bin/sh;
			shellScript = "diff \"${PODS_PODFILE_DIR_PATH}/Podfile.lock\" \"${PODS_ROOT}/Manifest.lock\" > /dev/null\nif [ $? != 0 ] ; then\n    # print error to STDERR\n    echo \"error: The sandbox is not in sync with the Podfile.lock. Run 'pod install' or update your CocoaPods installation.\" >&2\n    exit 1\nfi\n# This output is used by Xcode 'outputs' to avoid re-running this script phase.\necho \"SUCCESS\" > \"${SCRIPT_OUTPUT_FILE_0}\"\n";
			showEnvVarsInLog = 0;
		};
/* End PBXShellScriptBuildPhase section */

/* Begin PBXSourcesBuildPhase section */
		BC3FAD001E9CCB5F00E249A1 /* Sources */ = {
			isa = PBXSourcesBuildPhase;
			buildActionMask = 2147483647;
			files = (
				BC3FAD2B1E9CE28500E249A1 /* MirroringViewController.swift in Sources */,
				BC3FAD2D1E9CEBD000E249A1 /* MirroringLabel.swift in Sources */,
				BC3FAD0A1E9CCB5F00E249A1 /* ViewController.swift in Sources */,
				BC3FAD201E9CD27E00E249A1 /* L102Language.swift in Sources */,
				BC3FAD221E9CD30C00E249A1 /* SecondView.swift in Sources */,
				BC3FAD3A1E9CF6FB00E249A1 /* MirroringTextField.swift in Sources */,
				BC3FAD081E9CCB5F00E249A1 /* AppDelegate.swift in Sources */,
				BC3FAD291E9CD7EF00E249A1 /* L012Localizer.swift in Sources */,
				BC3FAD3C1E9CF70C00E249A1 /* MirroringTextView.swift in Sources */,
			);
			runOnlyForDeploymentPostprocessing = 0;
		};
/* End PBXSourcesBuildPhase section */

/* Begin PBXVariantGroup section */
		BC3FAD0B1E9CCB5F00E249A1 /* Main.storyboard */ = {
			isa = PBXVariantGroup;
			children = (
				BC3FAD0C1E9CCB5F00E249A1 /* Base */,
				BC3FAD311E9CECCC00E249A1 /* ar */,
			);
			name = Main.storyboard;
			sourceTree = "<group>";
		};
		BC3FAD101E9CCB5F00E249A1 /* LaunchScreen.storyboard */ = {
			isa = PBXVariantGroup;
			children = (
				BC3FAD111E9CCB5F00E249A1 /* Base */,
				BC3FAD1A1E9CCC8E00E249A1 /* ar */,
			);
			name = LaunchScreen.storyboard;
			sourceTree = "<group>";
		};
		BC3FAD361E9CEFA200E249A1 /* Localizable.strings */ = {
			isa = PBXVariantGroup;
			children = (
				BC3FAD351E9CEFA200E249A1 /* Base */,
				BC3FAD371E9CEFA500E249A1 /* ar */,
				BC3FAD381E9CEFA600E249A1 /* en */,
			);
			name = Localizable.strings;
			sourceTree = "<group>";
		};
/* End PBXVariantGroup section */

/* Begin XCBuildConfiguration section */
		BC3FAD141E9CCB5F00E249A1 /* Debug */ = {
			isa = XCBuildConfiguration;
			buildSettings = {
				ALWAYS_SEARCH_USER_PATHS = NO;
				CLANG_ANALYZER_LOCALIZABILITY_NONLOCALIZED = YES;
				CLANG_ANALYZER_NONNULL = YES;
				CLANG_CXX_LANGUAGE_STANDARD = "gnu++0x";
				CLANG_CXX_LIBRARY = "libc++";
				CLANG_ENABLE_MODULES = YES;
				CLANG_ENABLE_OBJC_ARC = YES;
				CLANG_WARN_BLOCK_CAPTURE_AUTORELEASING = YES;
				CLANG_WARN_BOOL_CONVERSION = YES;
				CLANG_WARN_COMMA = YES;
				CLANG_WARN_CONSTANT_CONVERSION = YES;
				CLANG_WARN_DIRECT_OBJC_ISA_USAGE = YES_ERROR;
				CLANG_WARN_DOCUMENTATION_COMMENTS = YES;
				CLANG_WARN_EMPTY_BODY = YES;
				CLANG_WARN_ENUM_CONVERSION = YES;
				CLANG_WARN_INFINITE_RECURSION = YES;
				CLANG_WARN_INT_CONVERSION = YES;
				CLANG_WARN_NON_LITERAL_NULL_CONVERSION = YES;
				CLANG_WARN_OBJC_LITERAL_CONVERSION = YES;
				CLANG_WARN_OBJC_ROOT_CLASS = YES_ERROR;
				CLANG_WARN_RANGE_LOOP_ANALYSIS = YES;
				CLANG_WARN_STRICT_PROTOTYPES = YES;
				CLANG_WARN_SUSPICIOUS_MOVE = YES;
				CLANG_WARN_UNREACHABLE_CODE = YES;
				CLANG_WARN__DUPLICATE_METHOD_MATCH = YES;
				"CODE_SIGN_IDENTITY[sdk=iphoneos*]" = "iPhone Developer";
				COPY_PHASE_STRIP = NO;
				DEBUG_INFORMATION_FORMAT = dwarf;
				ENABLE_STRICT_OBJC_MSGSEND = YES;
				ENABLE_TESTABILITY = YES;
				GCC_C_LANGUAGE_STANDARD = gnu99;
				GCC_DYNAMIC_NO_PIC = NO;
				GCC_NO_COMMON_BLOCKS = YES;
				GCC_OPTIMIZATION_LEVEL = 0;
				GCC_PREPROCESSOR_DEFINITIONS = (
					"DEBUG=1",
					"$(inherited)",
				);
				GCC_WARN_64_TO_32_BIT_CONVERSION = YES;
				GCC_WARN_ABOUT_RETURN_TYPE = YES_ERROR;
				GCC_WARN_UNDECLARED_SELECTOR = YES;
				GCC_WARN_UNINITIALIZED_AUTOS = YES_AGGRESSIVE;
				GCC_WARN_UNUSED_FUNCTION = YES;
				GCC_WARN_UNUSED_VARIABLE = YES;
				IPHONEOS_DEPLOYMENT_TARGET = 9.3;
				MTL_ENABLE_DEBUG_INFO = YES;
				ONLY_ACTIVE_ARCH = YES;
				SDKROOT = iphoneos;
				SWIFT_ACTIVE_COMPILATION_CONDITIONS = DEBUG;
				SWIFT_OPTIMIZATION_LEVEL = "-Onone";
			};
			name = Debug;
		};
		BC3FAD151E9CCB5F00E249A1 /* Release */ = {
			isa = XCBuildConfiguration;
			buildSettings = {
				ALWAYS_SEARCH_USER_PATHS = NO;
				CLANG_ANALYZER_LOCALIZABILITY_NONLOCALIZED = YES;
				CLANG_ANALYZER_NONNULL = YES;
				CLANG_CXX_LANGUAGE_STANDARD = "gnu++0x";
				CLANG_CXX_LIBRARY = "libc++";
				CLANG_ENABLE_MODULES = YES;
				CLANG_ENABLE_OBJC_ARC = YES;
				CLANG_WARN_BLOCK_CAPTURE_AUTORELEASING = YES;
				CLANG_WARN_BOOL_CONVERSION = YES;
				CLANG_WARN_COMMA = YES;
				CLANG_WARN_CONSTANT_CONVERSION = YES;
				CLANG_WARN_DIRECT_OBJC_ISA_USAGE = YES_ERROR;
				CLANG_WARN_DOCUMENTATION_COMMENTS = YES;
				CLANG_WARN_EMPTY_BODY = YES;
				CLANG_WARN_ENUM_CONVERSION = YES;
				CLANG_WARN_INFINITE_RECURSION = YES;
				CLANG_WARN_INT_CONVERSION = YES;
				CLANG_WARN_NON_LITERAL_NULL_CONVERSION = YES;
				CLANG_WARN_OBJC_LITERAL_CONVERSION = YES;
				CLANG_WARN_OBJC_ROOT_CLASS = YES_ERROR;
				CLANG_WARN_RANGE_LOOP_ANALYSIS = YES;
				CLANG_WARN_STRICT_PROTOTYPES = YES;
				CLANG_WARN_SUSPICIOUS_MOVE = YES;
				CLANG_WARN_UNREACHABLE_CODE = YES;
				CLANG_WARN__DUPLICATE_METHOD_MATCH = YES;
				"CODE_SIGN_IDENTITY[sdk=iphoneos*]" = "iPhone Developer";
				COPY_PHASE_STRIP = NO;
				DEBUG_INFORMATION_FORMAT = "dwarf-with-dsym";
				ENABLE_NS_ASSERTIONS = NO;
				ENABLE_STRICT_OBJC_MSGSEND = YES;
				GCC_C_LANGUAGE_STANDARD = gnu99;
				GCC_NO_COMMON_BLOCKS = YES;
				GCC_WARN_64_TO_32_BIT_CONVERSION = YES;
				GCC_WARN_ABOUT_RETURN_TYPE = YES_ERROR;
				GCC_WARN_UNDECLARED_SELECTOR = YES;
				GCC_WARN_UNINITIALIZED_AUTOS = YES_AGGRESSIVE;
				GCC_WARN_UNUSED_FUNCTION = YES;
				GCC_WARN_UNUSED_VARIABLE = YES;
				IPHONEOS_DEPLOYMENT_TARGET = 9.3;
				MTL_ENABLE_DEBUG_INFO = NO;
				SDKROOT = iphoneos;
				SWIFT_OPTIMIZATION_LEVEL = "-Owholemodule";
				VALIDATE_PRODUCT = YES;
			};
			name = Release;
		};
		BC3FAD171E9CCB5F00E249A1 /* Debug */ = {
			isa = XCBuildConfiguration;
			baseConfigurationReference = 82D9741A86FEF3879C4B8EFC /* Pods-Localise-Demo.debug.xcconfig */;
			buildSettings = {
				ASSETCATALOG_COMPILER_APPICON_NAME = AppIcon;
				DEVELOPMENT_TEAM = 6B6LB3LBJX;
				INFOPLIST_FILE = "Localise-Demo/Info.plist";
				LD_RUNPATH_SEARCH_PATHS = "$(inherited) @executable_path/Frameworks";
				PRODUCT_BUNDLE_IDENTIFIER = "com.letsappit.Localise-Demo";
				PRODUCT_NAME = "$(TARGET_NAME)";
				SWIFT_SWIFT3_OBJC_INFERENCE = On;
				SWIFT_VERSION = 4.0;
			};
			name = Debug;
		};
		BC3FAD181E9CCB5F00E249A1 /* Release */ = {
			isa = XCBuildConfiguration;
			baseConfigurationReference = 1D1700863FC93D1A32A7B384 /* Pods-Localise-Demo.release.xcconfig */;
			buildSettings = {
				ASSETCATALOG_COMPILER_APPICON_NAME = AppIcon;
				DEVELOPMENT_TEAM = 6B6LB3LBJX;
				INFOPLIST_FILE = "Localise-Demo/Info.plist";
				LD_RUNPATH_SEARCH_PATHS = "$(inherited) @executable_path/Frameworks";
				PRODUCT_BUNDLE_IDENTIFIER = "com.letsappit.Localise-Demo";
				PRODUCT_NAME = "$(TARGET_NAME)";
				SWIFT_SWIFT3_OBJC_INFERENCE = On;
				SWIFT_VERSION = 4.0;
			};
			name = Release;
		};
/* End XCBuildConfiguration section */

/* Begin XCConfigurationList section */
		BC3FACFF1E9CCB5F00E249A1 /* Build configuration list for PBXProject "Localise-Demo" */ = {
			isa = XCConfigurationList;
			buildConfigurations = (
				BC3FAD141E9CCB5F00E249A1 /* Debug */,
				BC3FAD151E9CCB5F00E249A1 /* Release */,
			);
			defaultConfigurationIsVisible = 0;
			defaultConfigurationName = Release;
		};
		BC3FAD161E9CCB5F00E249A1 /* Build configuration list for PBXNativeTarget "Localise-Demo" */ = {
			isa = XCConfigurationList;
			buildConfigurations = (
				BC3FAD171E9CCB5F00E249A1 /* Debug */,
				BC3FAD181E9CCB5F00E249A1 /* Release */,
			);
			defaultConfigurationIsVisible = 0;
			defaultConfigurationName = Release;
		};
/* End XCConfigurationList section */
	};
	rootObject = BC3FACFC1E9CCB5F00E249A1 /* Project object */;
}
